// !$*UTF8*$!
{
	archiveVersion = 1;
	classes = {
	};
	objectVersion = 46;
	objects = {

/* Begin PBXBuildFile section */
		55F8F6B01F15AB650097A0F7 /* KernelTask.hpp in Headers */ = {isa = PBXBuildFile; fileRef = 55F8F6AF1F15AB650097A0F7 /* KernelTask.hpp */; };
		55F8F6B21F15AB650097A0F7 /* KernelTask.cpp in Sources */ = {isa = PBXBuildFile; fileRef = 55F8F6B11F15AB650097A0F7 /* KernelTask.cpp */; };
/* End PBXBuildFile section */

/* Begin PBXFileReference section */
		55F8F6AC1F15AB650097A0F7 /* KernelTask.kext */ = {isa = PBXFileReference; explicitFileType = wrapper.cfbundle; includeInIndex = 0; path = KernelTask.kext; sourceTree = BUILT_PRODUCTS_DIR; };
		55F8F6AF1F15AB650097A0F7 /* KernelTask.hpp */ = {isa = PBXFileReference; lastKnownFileType = sourcecode.cpp.h; path = KernelTask.hpp; sourceTree = "<group>"; };
		55F8F6B11F15AB650097A0F7 /* KernelTask.cpp */ = {isa = PBXFileReference; lastKnownFileType = sourcecode.cpp.cpp; path = KernelTask.cpp; sourceTree = "<group>"; };
		55F8F6B31F15AB650097A0F7 /* Info.plist */ = {isa = PBXFileReference; lastKnownFileType = text.plist.xml; path = Info.plist; sourceTree = "<group>"; };
/* End PBXFileReference section */

/* Begin PBXFrameworksBuildPhase section */
		55F8F6A81F15AB650097A0F7 /* Frameworks */ = {
			isa = PBXFrameworksBuildPhase;
			buildActionMask = 2147483647;
			files = (
			);
			runOnlyForDeploymentPostprocessing = 0;
		};
/* End PBXFrameworksBuildPhase section */

/* Begin PBXGroup section */
		55F8F6A21F15AB650097A0F7 = {
			isa = PBXGroup;
			children = (
				55F8F6AE1F15AB650097A0F7 /* KernelTask */,
				55F8F6AD1F15AB650097A0F7 /* Products */,
			);
			sourceTree = "<group>";
		};
		55F8F6AD1F15AB650097A0F7 /* Products */ = {
			isa = PBXGroup;
			children = (
				55F8F6AC1F15AB650097A0F7 /* KernelTask.kext */,
			);
			name = Products;
			sourceTree = "<group>";
		};
		55F8F6AE1F15AB650097A0F7 /* KernelTask */ = {
			isa = PBXGroup;
			children = (
				55F8F6AF1F15AB650097A0F7 /* KernelTask.hpp */,
				55F8F6B11F15AB650097A0F7 /* KernelTask.cpp */,
				55F8F6B31F15AB650097A0F7 /* Info.plist */,
			);
			path = KernelTask;
			sourceTree = "<group>";
		};
/* End PBXGroup section */

/* Begin PBXHeadersBuildPhase section */
		55F8F6A91F15AB650097A0F7 /* Headers */ = {
			isa = PBXHeadersBuildPhase;
			buildActionMask = 2147483647;
			files = (
				55F8F6B01F15AB650097A0F7 /* KernelTask.hpp in Headers */,
			);
			runOnlyForDeploymentPostprocessing = 0;
		};
/* End PBXHeadersBuildPhase section */

/* Begin PBXNativeTarget section */
		55F8F6AB1F15AB650097A0F7 /* KernelTask */ = {
			isa = PBXNativeTarget;
			buildConfigurationList = 55F8F6B61F15AB650097A0F7 /* Build configuration list for PBXNativeTarget "KernelTask" */;
			buildPhases = (
				55F8F6B91F15AB950097A0F7 /* ShellScript */,
				55F8F6A71F15AB650097A0F7 /* Sources */,
				55F8F6A81F15AB650097A0F7 /* Frameworks */,
				55F8F6A91F15AB650097A0F7 /* Headers */,
				55F8F6AA1F15AB650097A0F7 /* Resources */,
			);
			buildRules = (
			);
			dependencies = (
			);
			name = KernelTask;
			productName = KernelTask;
			productReference = 55F8F6AC1F15AB650097A0F7 /* KernelTask.kext */;
			productType = "com.apple.product-type.kernel-extension";
		};
/* End PBXNativeTarget section */

/* Begin PBXProject section */
		55F8F6A31F15AB650097A0F7 /* Project object */ = {
			isa = PBXProject;
			attributes = {
				LastUpgradeCheck = 0830;
				ORGANIZATIONNAME = "Brandon Azad";
				TargetAttributes = {
					55F8F6AB1F15AB650097A0F7 = {
						CreatedOnToolsVersion = 8.3.2;
						ProvisioningStyle = Automatic;
					};
				};
			};
			buildConfigurationList = 55F8F6A61F15AB650097A0F7 /* Build configuration list for PBXProject "KernelTask" */;
			compatibilityVersion = "Xcode 3.2";
			developmentRegion = English;
			hasScannedForEncodings = 0;
			knownRegions = (
				en,
			);
			mainGroup = 55F8F6A21F15AB650097A0F7;
			productRefGroup = 55F8F6AD1F15AB650097A0F7 /* Products */;
			projectDirPath = "";
			projectRoot = "";
			targets = (
				55F8F6AB1F15AB650097A0F7 /* KernelTask */,
			);
		};
/* End PBXProject section */

/* Begin PBXResourcesBuildPhase section */
		55F8F6AA1F15AB650097A0F7 /* Resources */ = {
			isa = PBXResourcesBuildPhase;
			buildActionMask = 2147483647;
			files = (
			);
			runOnlyForDeploymentPostprocessing = 0;
		};
/* End PBXResourcesBuildPhase section */

/* Begin PBXShellScriptBuildPhase section */
		55F8F6B91F15AB950097A0F7 /* ShellScript */ = {
			isa = PBXShellScriptBuildPhase;
			buildActionMask = 2147483647;
			files = (
			);
			inputPaths = (
			);
			outputPaths = (
				"$(DERIVED_FILE_DIR)/symbol_defines.h",
			);
			runOnlyForDeploymentPostprocessing = 0;
			shellPath = /bin/sh;
			shellScript = "KERNEL_FILE=/System/Library/Kernels/kernel\n\nSYMBOLS=(_kernel_task _get_task_ipcspace _ipc_port_copyout_send \\\n         _ipc_port_alloc_special _ipc_space_kernel _ipc_kobject_set)\n\nfor symbol in ${SYMBOLS[@]}; do\n    address=$(nm $KERNEL_FILE | grep \"\\\\b$symbol\\\\b\" | cut -d' ' -f 1)\n    echo \"#define SYMBOL_$symbol 0x$address\"\ndone >${DERIVED_FILE_DIR}/symbol_defines.h";
		};
/* End PBXShellScriptBuildPhase section */

/* Begin PBXSourcesBuildPhase section */
		55F8F6A71F15AB650097A0F7 /* Sources */ = {
			isa = PBXSourcesBuildPhase;
			buildActionMask = 2147483647;
			files = (
				55F8F6B21F15AB650097A0F7 /* KernelTask.cpp in Sources */,
			);
			runOnlyForDeploymentPostprocessing = 0;
		};
/* End PBXSourcesBuildPhase section */

/* Begin XCBuildConfiguration section */
		55F8F6B41F15AB650097A0F7 /* Debug */ = {
			isa = XCBuildConfiguration;
			buildSettings = {
				ALWAYS_SEARCH_USER_PATHS = NO;
				CLANG_ANALYZER_NONNULL = YES;
				CLANG_ANALYZER_NUMBER_OBJECT_CONVERSION = YES_AGGRESSIVE;
				CLANG_CXX_LANGUAGE_STANDARD = "gnu++0x";
				CLANG_CXX_LIBRARY = "libc++";
				CLANG_ENABLE_MODULES = YES;
				CLANG_ENABLE_OBJC_ARC = YES;
				CLANG_WARN_BOOL_CONVERSION = YES;
				CLANG_WARN_CONSTANT_CONVERSION = YES;
				CLANG_WARN_DIRECT_OBJC_ISA_USAGE = YES_ERROR;
				CLANG_WARN_DOCUMENTATION_COMMENTS = YES;
				CLANG_WARN_EMPTY_BODY = YES;
				CLANG_WARN_ENUM_CONVERSION = YES;
				CLANG_WARN_INFINITE_RECURSION = YES;
				CLANG_WARN_INT_CONVERSION = YES;
				CLANG_WARN_OBJC_ROOT_CLASS = YES_ERROR;
				CLANG_WARN_SUSPICIOUS_MOVE = YES;
				CLANG_WARN_UNREACHABLE_CODE = YES;
				CLANG_WARN__DUPLICATE_METHOD_MATCH = YES;
				CODE_SIGN_IDENTITY = "-";
				COPY_PHASE_STRIP = NO;
				DEBUG_INFORMATION_FORMAT = dwarf;
				ENABLE_STRICT_OBJC_MSGSEND = YES;
				ENABLE_TESTABILITY = YES;
				GCC_C_LANGUAGE_STANDARD = gnu99;
				GCC_DYNAMIC_NO_PIC = NO;
				GCC_NO_COMMON_BLOCKS = YES;
				GCC_OPTIMIZATION_LEVEL = 0;
				GCC_PREPROCESSOR_DEFINITIONS = (
					"DEBUG=1",
					"$(inherited)",
				);
				GCC_WARN_64_TO_32_BIT_CONVERSION = YES;
				GCC_WARN_ABOUT_RETURN_TYPE = YES_ERROR;
				GCC_WARN_UNDECLARED_SELECTOR = YES;
				GCC_WARN_UNINITIALIZED_AUTOS = YES_AGGRESSIVE;
				GCC_WARN_UNUSED_FUNCTION = YES;
				GCC_WARN_UNUSED_VARIABLE = YES;
				MACOSX_DEPLOYMENT_TARGET = 10.12;
				MTL_ENABLE_DEBUG_INFO = YES;
				ONLY_ACTIVE_ARCH = YES;
				SDKROOT = macosx;
				VALID_ARCHS = x86_64;
			};
			name = Debug;
		};
		55F8F6B51F15AB650097A0F7 /* Release */ = {
			isa = XCBuildConfiguration;
			buildSettings = {
				ALWAYS_SEARCH_USER_PATHS = NO;
				CLANG_ANALYZER_NONNULL = YES;
				CLANG_ANALYZER_NUMBER_OBJECT_CONVERSION = YES_AGGRESSIVE;
				CLANG_CXX_LANGUAGE_STANDARD = "gnu++0x";
				CLANG_CXX_LIBRARY = "libc++";
				CLANG_ENABLE_MODULES = YES;
				CLANG_ENABLE_OBJC_ARC = YES;
				CLANG_WARN_BOOL_CONVERSION = YES;
				CLANG_WARN_CONSTANT_CONVERSION = YES;
				CLANG_WARN_DIRECT_OBJC_ISA_USAGE = YES_ERROR;
				CLANG_WARN_DOCUMENTATION_COMMENTS = YES;
				CLANG_WARN_EMPTY_BODY = YES;
				CLANG_WARN_ENUM_CONVERSION = YES;
				CLANG_WARN_INFINITE_RECURSION = YES;
				CLANG_WARN_INT_CONVERSION = YES;
				CLANG_WARN_OBJC_ROOT_CLASS = YES_ERROR;
				CLANG_WARN_SUSPICIOUS_MOVE = YES;
				CLANG_WARN_UNREACHABLE_CODE = YES;
				CLANG_WARN__DUPLICATE_METHOD_MATCH = YES;
				CODE_SIGN_IDENTITY = "-";
				COPY_PHASE_STRIP = NO;
				DEBUG_INFORMATION_FORMAT = "dwarf-with-dsym";
				ENABLE_NS_ASSERTIONS = NO;
				ENABLE_STRICT_OBJC_MSGSEND = YES;
				GCC_C_LANGUAGE_STANDARD = gnu99;
				GCC_NO_COMMON_BLOCKS = YES;
				GCC_WARN_64_TO_32_BIT_CONVERSION = YES;
				GCC_WARN_ABOUT_RETURN_TYPE = YES_ERROR;
				GCC_WARN_UNDECLARED_SELECTOR = YES;
				GCC_WARN_UNINITIALIZED_AUTOS = YES_AGGRESSIVE;
				GCC_WARN_UNUSED_FUNCTION = YES;
				GCC_WARN_UNUSED_VARIABLE = YES;
				MACOSX_DEPLOYMENT_TARGET = 10.12;
				MTL_ENABLE_DEBUG_INFO = NO;
				SDKROOT = macosx;
				VALID_ARCHS = x86_64;
			};
			name = Release;
		};
		55F8F6B71F15AB650097A0F7 /* Debug */ = {
			isa = XCBuildConfiguration;
			buildSettings = {
				COMBINE_HIDPI_IMAGES = YES;
				CURRENT_PROJECT_VERSION = 1.0.0d1;
				INFOPLIST_FILE = KernelTask/Info.plist;
				MODULE_NAME = com.github.bazad.KernelTask;
				MODULE_VERSION = 1.0.0d1;
				PRODUCT_BUNDLE_IDENTIFIER = com.github.bazad.KernelTask;
				PRODUCT_NAME = "$(TARGET_NAME)";
				WRAPPER_EXTENSION = kext;
			};
			name = Debug;
		};
		55F8F6B81F15AB650097A0F7 /* Release */ = {
			isa = XCBuildConfiguration;
			buildSettings = {
				COMBINE_HIDPI_IMAGES = YES;
				CURRENT_PROJECT_VERSION = 1.0.0d1;
				INFOPLIST_FILE = KernelTask/Info.plist;
				MODULE_NAME = com.github.bazad.KernelTask;
				MODULE_VERSION = 1.0.0d1;
				PRODUCT_BUNDLE_IDENTIFIER = com.github.bazad.KernelTask;
				PRODUCT_NAME = "$(TARGET_NAME)";
				WRAPPER_EXTENSION = kext;
			};
			name = Release;
		};
/* End XCBuildConfiguration section */

/* Begin XCConfigurationList section */
		55F8F6A61F15AB650097A0F7 /* Build configuration list for PBXProject "KernelTask" */ = {
			isa = XCConfigurationList;
			buildConfigurations = (
				55F8F6B41F15AB650097A0F7 /* Debug */,
				55F8F6B51F15AB650097A0F7 /* Release */,
			);
			defaultConfigurationIsVisible = 0;
			defaultConfigurationName = Release;
		};
		55F8F6B61F15AB650097A0F7 /* Build configuration list for PBXNativeTarget "KernelTask" */ = {
			isa = XCConfigurationList;
			buildConfigurations = (
				55F8F6B71F15AB650097A0F7 /* Debug */,
				55F8F6B81F15AB650097A0F7 /* Release */,
			);
			defaultConfigurationIsVisible = 0;
			defaultConfigurationName = Release;
		};
/* End XCConfigurationList section */
	};
	rootObject = 55F8F6A31F15AB650097A0F7 /* Project object */;
}
